{
  "name": "ts-llm-agent",
  "version": "1.0.0",
  "lockfileVersion": 3,
  "requires": true,
  "packages": {
    "": {
      "name": "ts-llm-agent",
      "version": "1.0.0",
      "license": "GPL-3.0-or-later",
      "dependencies": {
        "tiktoken": "^1.0.22"
      },
      "devDependencies": {
        "@swc/core": "^1.15.24",
        "@types/node": "^22.19.0",
        "typescript": "^6.0.0"
      },
      "optionalDependencies": {
        "class-transformer": "^0.5.1",
        "class-validator": "^0.14.4",
        "class-validator-jsonschema": "^5.1.0",
        "reflect-metadata": "^0.2.2"
      }
    },
    "node_modules/@swc/core": {
      "version": "1.15.24",
      "resolved": "https://registry.npmjs.org/@swc/core/-/core-1.15.24.tgz",
      "integrity": "sha512-5Hj8aNasue7yusUt8LGCUe/AjM7RMAce8ZoyDyiFwx7Al+GbYKL+yE7g4sJk8vEr1dKIkTRARkNIJENc4CjkBQ==",
      "dev": true,
      "hasInstallScript": true,
      "license": "Apache-2.0",
      "dependencies": {
        "@swc/counter": "^0.1.3",
        "@swc/types": "^0.1.26"
      },
      "engines": {
        "node": ">=10"
      },
      "funding": {
        "type": "opencollective",
        "url": "https://opencollective.com/swc"
      },
      "optionalDependencies": {
        "@swc/core-darwin-arm64": "1.15.24",
        "@swc/core-darwin-x64": "1.15.24",
        "@swc/core-linux-arm-gnueabihf": "1.15.24",
        "@swc/core-linux-arm64-gnu": "1.15.24",
        "@swc/core-linux-arm64-musl": "1.15.24",
        "@swc/core-linux-ppc64-gnu": "1.15.24",
        "@swc/core-linux-s390x-gnu": "1.15.24",
        "@swc/core-linux-x64-gnu": "1.15.24",
        "@swc/core-linux-x64-musl": "1.15.24",
        "@swc/core-win32-arm64-msvc": "1.15.24",
        "@swc/core-win32-ia32-msvc": "1.15.24",
        "@swc/core-win32-x64-msvc": "1.15.24"
      },
      "peerDependencies": {
        "@swc/helpers": ">=0.5.17"
      },
      "peerDependenciesMeta": {
        "@swc/helpers": {
          "optional": true
        }
      }
    },
    "node_modules/@swc/core-darwin-arm64": {
      "version": "1.15.24",
      "resolved": "https://registry.npmjs.org/@swc/core-darwin-arm64/-/core-darwin-arm64-1.15.24.tgz",
      "integrity": "sha512-uM5ZGfFXjtvtJ+fe448PVBEbn/CSxS3UAyLj3O9xOqKIWy3S6hPTXSPbszxkSsGDYKi+YFhzAsR4r/eXLxEQ0g==",
      "cpu": [
        "arm64"
      ],
      "dev": true,
      "license": "Apache-2.0 AND MIT",
      "optional": true,
      "os": [
        "darwin"
      ],
      "engines": {
        "node": ">=10"
      }
    },
    "node_modules/@swc/core-darwin-x64": {
      "version": "1.15.24",
      "resolved": "https://registry.npmjs.org/@swc/core-darwin-x64/-/core-darwin-x64-1.15.24.tgz",
      "integrity": "sha512-fMIb/Zfn929pw25VMBhV7Ji2Dl+lCWtUPNdYJQYOke+00E5fcQ9ynxtP8+qhUo/HZc+mYQb1gJxwHM9vty+lXg==",
      "cpu": [
        "x64"
      ],
      "dev": true,
      "license": "Apache-2.0 AND MIT",
      "optional": true,
      "os": [
        "darwin"
      ],
      "engines": {
        "node": ">=10"
      }
    },
    "node_modules/@swc/core-linux-arm-gnueabihf": {
      "version": "1.15.24",
      "resolved": "https://registry.npmjs.org/@swc/core-linux-arm-gnueabihf/-/core-linux-arm-gnueabihf-1.15.24.tgz",
      "integrity": "sha512-vOkjsyjjxnoYx3hMEWcGxQrMgnNrRm6WAegBXrN8foHtDAR+zpdhpGF5a4lj1bNPgXAvmysjui8cM1ov/Clkaw==",
      "cpu": [
        "arm"
      ],
      "dev": true,
      "license": "Apache-2.0",
      "optional": true,
      "os": [
        "linux"
      ],
      "engines": {
        "node": ">=10"
      }
    },
    "node_modules/@swc/core-linux-arm64-gnu": {
      "version": "1.15.24",
      "resolved": "https://registry.npmjs.org/@swc/core-linux-arm64-gnu/-/core-linux-arm64-gnu-1.15.24.tgz",
      "integrity": "sha512-h/oNu+upkXJ6Cicnq7YGVj9PkdfarLCdQa8l/FlHYvfv8CEiMaeeTnpLU7gSBH/rGxosM6Qkfa/J9mThGF9CLA==",
      "cpu": [
        "arm64"
      ],
      "dev": true,
      "license": "Apache-2.0 AND MIT",
      "optional": true,
      "os": [
        "linux"
      ],
      "engines": {
        "node": ">=10"
      }
    },
    "node_modules/@swc/core-linux-arm64-musl": {
      "version": "1.15.24",
      "resolved": "https://registry.npmjs.org/@swc/core-linux-arm64-musl/-/core-linux-arm64-musl-1.15.24.tgz",
      "integrity": "sha512-ZpF/pRe1guk6sKzQI9D1jAORtjTdNlyeXn9GDz8ophof/w2WhojRblvSDJaGe7rJjcPN8AaOkhwdRUh7q8oYIg==",
      "cpu": [
        "arm64"
      ],
      "dev": true,
      "license": "Apache-2.0 AND MIT",
      "optional": true,
      "os": [
        "linux"
      ],
      "engines": {
        "node": ">=10"
      }
    },
    "node_modules/@swc/core-linux-ppc64-gnu": {
      "version": "1.15.24",
      "resolved": "https://registry.npmjs.org/@swc/core-linux-ppc64-gnu/-/core-linux-ppc64-gnu-1.15.24.tgz",
      "integrity": "sha512-QZEsZfisHTSJlmyChgDFNmKPb3W6Lhbfo/O76HhIngfEdnQNmukS38/VSe1feho+xkV5A5hETyCbx3sALBZKAQ==",
      "cpu": [
        "ppc64"
      ],
      "dev": true,
      "license": "Apache-2.0 AND MIT",
      "optional": true,
      "os": [
        "linux"
      ],
      "engines": {
        "node": ">=10"
      }
    },
    "node_modules/@swc/core-linux-s390x-gnu": {
      "version": "1.15.24",
      "resolved": "https://registry.npmjs.org/@swc/core-linux-s390x-gnu/-/core-linux-s390x-gnu-1.15.24.tgz",
      "integrity": "sha512-DLdJKVsJgglqQrJBuoUYNmzm3leI7kUZhLbZGHv42onfKsGf6JDS3+bzCUQfte/XOqDjh/tmmn1DR/CF/tCJFw==",
      "cpu": [
        "s390x"
      ],
      "dev": true,
      "license": "Apache-2.0 AND MIT",
      "optional": true,
      "os": [
        "linux"
      ],
      "engines": {
        "node": ">=10"
      }
    },
    "node_modules/@swc/core-linux-x64-gnu": {
      "version": "1.15.24",
      "resolved": "https://registry.npmjs.org/@swc/core-linux-x64-gnu/-/core-linux-x64-gnu-1.15.24.tgz",
      "integrity": "sha512-IpLYfposPA/XLxYOKpRfeccl1p5dDa3+okZDHHTchBkXEaVCnq5MADPmIWwIYj1tudt7hORsEHccG5no6IUQRw==",
      "cpu": [
        "x64"
      ],
      "dev": true,
      "license": "Apache-2.0 AND MIT",
      "optional": true,
      "os": [
        "linux"
      ],
      "engines": {
        "node": ">=10"
      }
    },
    "node_modules/@swc/core-linux-x64-musl": {
      "version": "1.15.24",
      "resolved": "https://registry.npmjs.org/@swc/core-linux-x64-musl/-/core-linux-x64-musl-1.15.24.tgz",
      "integrity": "sha512-JHy3fMSc0t/EPWgo74+OK5TGr51aElnzqfUPaiRf2qJ/BfX5CUCfMiWVBuhI7qmVMBnk1jTRnL/xZnOSHDPLYg==",
      "cpu": [
        "x64"
      ],
      "dev": true,
      "license": "Apache-2.0 AND MIT",
      "optional": true,
      "os": [
        "linux"
      ],
      "engines": {
        "node": ">=10"
      }
    },
    "node_modules/@swc/core-win32-arm64-msvc": {
      "version": "1.15.24",
      "resolved": "https://registry.npmjs.org/@swc/core-win32-arm64-msvc/-/core-win32-arm64-msvc-1.15.24.tgz",
      "integrity": "sha512-Txj+qUH1z2bUd1P3JvwByfjKFti3cptlAxhWgmunBUUxy/IW3CXLZ6l6Gk4liANadKkU71nIU1X30Z5vpMT3BA==",
      "cpu": [
        "arm64"
      ],
      "dev": true,
      "license": "Apache-2.0 AND MIT",
      "optional": true,
      "os": [
        "win32"
      ],
      "engines": {
        "node": ">=10"
      }
    },
    "node_modules/@swc/core-win32-ia32-msvc": {
      "version": "1.15.24",
      "resolved": "https://registry.npmjs.org/@swc/core-win32-ia32-msvc/-/core-win32-ia32-msvc-1.15.24.tgz",
      "integrity": "sha512-15D/nl3XwrhFpMv+MADFOiVwv3FvH9j8c6Rf8EXBT3Q5LoMh8YnDnSgPYqw1JzPnksvsBX6QPXLiPqmcR/Z4qQ==",
      "cpu": [
        "ia32"
      ],
      "dev": true,
      "license": "Apache-2.0 AND MIT",
      "optional": true,
      "os": [
        "win32"
      ],
      "engines": {
        "node": ">=10"
      }
    },
    "node_modules/@swc/core-win32-x64-msvc": {
      "version": "1.15.24",
      "resolved": "https://registry.npmjs.org/@swc/core-win32-x64-msvc/-/core-win32-x64-msvc-1.15.24.tgz",
      "integrity": "sha512-PR0PlTlPra2JbaDphrOAzm6s0v9rA0F17YzB+XbWD95B4g2cWcZY9LAeTa4xll70VLw9Jr7xBrlohqlQmelMFQ==",
      "cpu": [
        "x64"
      ],
      "dev": true,
      "license": "Apache-2.0 AND MIT",
      "optional": true,
      "os": [
        "win32"
      ],
      "engines": {
        "node": ">=10"
      }
    },
    "node_modules/@swc/counter": {
      "version": "0.1.3",
      "resolved": "https://registry.npmjs.org/@swc/counter/-/counter-0.1.3.tgz",
      "integrity": "sha512-e2BR4lsJkkRlKZ/qCHPw9ZaSxc0MVUd7gtbtaB7aMvHeJVYe8sOB8DBZkP2DtISHGSku9sCK6T6cnY0CtXrOCQ==",
      "dev": true,
      "license": "Apache-2.0"
    },
    "node_modules/@swc/types": {
      "version": "0.1.26",
      "resolved": "https://registry.npmjs.org/@swc/types/-/types-0.1.26.tgz",
      "integrity": "sha512-lyMwd7WGgG79RS7EERZV3T8wMdmPq3xwyg+1nmAM64kIhx5yl+juO2PYIHb7vTiPgPCj8LYjsNV2T5wiQHUEaw==",
      "dev": true,
      "license": "Apache-2.0",
      "dependencies": {
        "@swc/counter": "^0.1.3"
      }
    },
    "node_modules/@types/node": {
      "version": "22.19.17",
      "resolved": "https://registry.npmjs.org/@types/node/-/node-22.19.17.tgz",
      "integrity": "sha512-wGdMcf+vPYM6jikpS/qhg6WiqSV/OhG+jeeHT/KlVqxYfD40iYJf9/AE1uQxVWFvU7MipKRkRv8NSHiCGgPr8Q==",
      "dev": true,
      "license": "MIT",
      "dependencies": {
        "undici-types": "~6.21.0"
      }
    },
    "node_modules/@types/validator": {
      "version": "13.15.10",
      "resolved": "https://registry.npmjs.org/@types/validator/-/validator-13.15.10.tgz",
      "integrity": "sha512-T8L6i7wCuyoK8A/ZeLYt1+q0ty3Zb9+qbSSvrIVitzT3YjZqkTZ40IbRsPanlB4h1QB3JVL1SYCdR6ngtFYcuA==",
      "license": "MIT",
      "optional": true
    },
    "node_modules/class-transformer": {
      "version": "0.5.1",
      "resolved": "https://registry.npmjs.org/class-transformer/-/class-transformer-0.5.1.tgz",
      "integrity": "sha512-SQa1Ws6hUbfC98vKGxZH3KFY0Y1lm5Zm0SY8XX9zbK7FJCyVEac3ATW0RIpwzW+oOfmHE5PMPufDG9hCfoEOMw==",
      "license": "MIT",
      "optional": true,
      "peer": true
    },
    "node_modules/class-validator": {
      "version": "0.14.4",
      "resolved": "https://registry.npmjs.org/class-validator/-/class-validator-0.14.4.tgz",
      "integrity": "sha512-AwNusCCam51q703dW82x95tOqQp6oC9HNUl724KxJJOfnKscI8dOloXFgyez7LbTTKWuRBA37FScqVbJEoq8Yw==",
      "license": "MIT",
      "optional": true,
      "peer": true,
      "dependencies": {
        "@types/validator": "^13.15.3",
        "libphonenumber-js": "^1.11.1",
        "validator": "^13.15.22"
      }
    },
    "node_modules/class-validator-jsonschema": {
      "version": "5.1.0",
      "resolved": "https://registry.npmjs.org/class-validator-jsonschema/-/class-validator-jsonschema-5.1.0.tgz",
      "integrity": "sha512-FFOeqLR+Ng+iGoapZksAYwNFMSxTqQaFt32UHFrIDwa8bk72mWMWH5U/LEpvhnQh5ZD1sWZFbh3oTNBcFtt+4A==",
      "license": "MIT",
      "optional": true,
      "dependencies": {
        "lodash.groupby": "^4.6.0",
        "lodash.merge": "^4.6.2",
        "openapi3-ts": "^3.0.0",
        "reflect-metadata": "^0.2.2",
        "tslib": "^2.8.1"
      },
      "peerDependencies": {
        "class-transformer": "^0.4.0 || ^0.5.0",
        "class-validator": "^0.14.0"
      }
    },
    "node_modules/libphonenumber-js": {
      "version": "1.12.41",
      "resolved": "https://registry.npmjs.org/libphonenumber-js/-/libphonenumber-js-1.12.41.tgz",
      "integrity": "sha512-lsmMmGXBxXIK/VMLEj0kL6MtUs1kBGj1nTCzi6zgQoG1DEwqwt2DQyHxcLykceIxAnfE3hya7NuIh6PpC6S3fA==",
      "license": "MIT",
      "optional": true
    },
    "node_modules/lodash.groupby": {
      "version": "4.6.0",
      "resolved": "https://registry.npmjs.org/lodash.groupby/-/lodash.groupby-4.6.0.tgz",
      "integrity": "sha512-5dcWxm23+VAoz+awKmBaiBvzox8+RqMgFhi7UvX9DHZr2HdxHXM/Wrf8cfKpsW37RNrvtPn6hSwNqurSILbmJw==",
      "license": "MIT",
      "optional": true
    },
    "node_modules/lodash.merge": {
      "version": "4.6.2",
      "resolved": "https://registry.npmjs.org/lodash.merge/-/lodash.merge-4.6.2.tgz",
      "integrity": "sha512-0KpjqXRVvrYyCsX1swR/XTK0va6VQkQM6MNo7PqW77ByjAhoARA8EfrP1N4+KlKj8YS0ZUCtRT/YUuhyYDujIQ==",
      "license": "MIT",
      "optional": true
    },
    "node_modules/openapi3-ts": {
      "version": "3.2.0",
      "resolved": "https://registry.npmjs.org/openapi3-ts/-/openapi3-ts-3.2.0.tgz",
      "integrity": "sha512-/ykNWRV5Qs0Nwq7Pc0nJ78fgILvOT/60OxEmB3v7yQ8a8Bwcm43D4diaYazG/KBn6czA+52XYy931WFLMCUeSg==",
      "license": "MIT",
      "optional": true,
      "dependencies": {
        "yaml": "^2.2.1"
      }
    },
    "node_modules/reflect-metadata": {
      "version": "0.2.2",
      "resolved": "https://registry.npmjs.org/reflect-metadata/-/reflect-metadata-0.2.2.tgz",
      "integrity": "sha512-urBwgfrvVP/eAyXx4hluJivBKzuEbSQs9rKWCrCkbSxNv8mxPcUZKeuoF3Uy4mJl3Lwprp6yy5/39VWigZ4K6Q==",
      "license": "Apache-2.0",
      "optional": true
    },
    "node_modules/tiktoken": {
      "version": "1.0.22",
      "resolved": "https://registry.npmjs.org/tiktoken/-/tiktoken-1.0.22.tgz",
      "integrity": "sha512-PKvy1rVF1RibfF3JlXBSP0Jrcw2uq3yXdgcEXtKTYn3QJ/cBRBHDnrJ5jHky+MENZ6DIPwNUGWpkVx+7joCpNA==",
      "license": "MIT"
    },
    "node_modules/tslib": {
      "version": "2.8.1",
      "resolved": "https://registry.npmjs.org/tslib/-/tslib-2.8.1.tgz",
      "integrity": "sha512-oJFu94HQb+KVduSUQL7wnpmqnfmLsOA/nAh6b6EH0wCEoK0/mPeXU6c3wKDV83MkOuHPRHtSXKKU99IBazS/2w==",
      "license": "0BSD",
      "optional": true
    },
    "node_modules/typescript": {
      "version": "6.0.2",
      "resolved": "https://registry.npmjs.org/typescript/-/typescript-6.0.2.tgz",
      "integrity": "sha512-bGdAIrZ0wiGDo5l8c++HWtbaNCWTS4UTv7RaTH/ThVIgjkveJt83m74bBHMJkuCbslY8ixgLBVZJIOiQlQTjfQ==",
      "dev": true,
      "license": "Apache-2.0",
      "bin": {
        "tsc": "bin/tsc",
        "tsserver": "bin/tsserver"
      },
      "engines": {
        "node": ">=14.17"
      }
    },
    "node_modules/undici-types": {
      "version": "6.21.0",
      "resolved": "https://registry.npmjs.org/undici-types/-/undici-types-6.21.0.tgz",
      "integrity": "sha512-iwDZqg0QAGrg9Rav5H4n0M64c3mkR59cJ6wQp+7C4nI0gsmExaedaYLNO44eT4AtBBwjbTiGPMlt2Md0T9H9JQ==",
      "dev": true,
      "license": "MIT"
    },
    "node_modules/validator": {
      "version": "13.15.35",
      "resolved": "https://registry.npmjs.org/validator/-/validator-13.15.35.tgz",
      "integrity": "sha512-TQ5pAGhd5whStmqWvYF4OjQROlmv9SMFVt37qoCBdqRffuuklWYQlCNnEs2ZaIBD1kZRNnikiZOS1eqgkar0iw==",
      "license": "MIT",
      "optional": true,
      "engines": {
        "node": ">= 0.10"
      }
    },
    "node_modules/yaml": {
      "version": "2.8.3",
      "resolved": "https://registry.npmjs.org/yaml/-/yaml-2.8.3.tgz",
      "integrity": "sha512-AvbaCLOO2Otw/lW5bmh9d/WEdcDFdQp2Z2ZUH3pX9U2ihyUY0nvLv7J6TrWowklRGPYbB/IuIMfYgxaCPg5Bpg==",
      "license": "ISC",
      "optional": true,
      "bin": {
        "yaml": "bin.mjs"
      },
      "engines": {
        "node": ">= 14.6"
      },
      "funding": {
        "url": "https://github.com/sponsors/eemeli"
      }
    }
  }
}
